// !$*UTF8*$!
{
	archiveVersion = 1;
	classes = {
	};
	objectVersion = 46;
	objects = {

/* Begin PBXBuildFile section */
		36904A48920A2A5514F79F1E /* Pods_ApplaudoUITests.framework in Frameworks */ = {isa = PBXBuildFile; fileRef = E23FB52380104AA8F7D34D3F /* Pods_ApplaudoUITests.framework */; };
		6A4DF14B1F562A7300D814C2 /* AppDelegate.swift in Sources */ = {isa = PBXBuildFile; fileRef = 6A4DF14A1F562A7300D814C2 /* AppDelegate.swift */; };
		6A4DF14D1F562A7300D814C2 /* ViewController.swift in Sources */ = {isa = PBXBuildFile; fileRef = 6A4DF14C1F562A7300D814C2 /* ViewController.swift */; };
		6A4DF1501F562A7300D814C2 /* Main.storyboard in Resources */ = {isa = PBXBuildFile; fileRef = 6A4DF14E1F562A7300D814C2 /* Main.storyboard */; };
		6A4DF1521F562A7300D814C2 /* Assets.xcassets in Resources */ = {isa = PBXBuildFile; fileRef = 6A4DF1511F562A7300D814C2 /* Assets.xcassets */; };
		6A4DF1551F562A7300D814C2 /* LaunchScreen.storyboard in Resources */ = {isa = PBXBuildFile; fileRef = 6A4DF1531F562A7300D814C2 /* LaunchScreen.storyboard */; };
		6A4DF1601F562A7300D814C2 /* ApplaudoTests.swift in Sources */ = {isa = PBXBuildFile; fileRef = 6A4DF15F1F562A7300D814C2 /* ApplaudoTests.swift */; };
		6A4DF16B1F562A7300D814C2 /* ApplaudoUITests.swift in Sources */ = {isa = PBXBuildFile; fileRef = 6A4DF16A1F562A7300D814C2 /* ApplaudoUITests.swift */; };
		6A4DF1791F5648A300D814C2 /* Utilities.swift in Sources */ = {isa = PBXBuildFile; fileRef = 6A4DF1781F5648A300D814C2 /* Utilities.swift */; };
		6A4DF17B1F57282400D814C2 /* SearchViewController.swift in Sources */ = {isa = PBXBuildFile; fileRef = 6A4DF17A1F57282400D814C2 /* SearchViewController.swift */; };
		6A4DF17D1F57423C00D814C2 /* DetailViewController.swift in Sources */ = {isa = PBXBuildFile; fileRef = 6A4DF17C1F57423C00D814C2 /* DetailViewController.swift */; };
		7EF47C8860EE1B55D52CDF04 /* Pods_Applaudo.framework in Frameworks */ = {isa = PBXBuildFile; fileRef = 75BB416C3385EC89EB177916 /* Pods_Applaudo.framework */; };
		EC5A0B62F6105401A92C5764 /* Pods_ApplaudoTests.framework in Frameworks */ = {isa = PBXBuildFile; fileRef = AD66BCD18CDEB67CFA3B475B /* Pods_ApplaudoTests.framework */; };
/* End PBXBuildFile section */

/* Begin PBXContainerItemProxy section */
		6A4DF15C1F562A7300D814C2 /* PBXContainerItemProxy */ = {
			isa = PBXContainerItemProxy;
			containerPortal = 6A4DF13F1F562A7200D814C2 /* Project object */;
			proxyType = 1;
			remoteGlobalIDString = 6A4DF1461F562A7300D814C2;
			remoteInfo = Applaudo;
		};
		6A4DF1671F562A7300D814C2 /* PBXContainerItemProxy */ = {
			isa = PBXContainerItemProxy;
			containerPortal = 6A4DF13F1F562A7200D814C2 /* Project object */;
			proxyType = 1;
			remoteGlobalIDString = 6A4DF1461F562A7300D814C2;
			remoteInfo = Applaudo;
		};
/* End PBXContainerItemProxy section */

/* Begin PBXFileReference section */
		0B8B4FDD733577DF265915B7 /* Pods-ApplaudoTests.release.xcconfig */ = {isa = PBXFileReference; includeInIndex = 1; lastKnownFileType = text.xcconfig; name = "Pods-ApplaudoTests.release.xcconfig"; path = "Pods/Target Support Files/Pods-ApplaudoTests/Pods-ApplaudoTests.release.xcconfig"; sourceTree = "<group>"; };
		1EB7F522EE79F53533EF91BE /* Pods-Applaudo.debug.xcconfig */ = {isa = PBXFileReference; includeInIndex = 1; lastKnownFileType = text.xcconfig; name = "Pods-Applaudo.debug.xcconfig"; path = "Pods/Target Support Files/Pods-Applaudo/Pods-Applaudo.debug.xcconfig"; sourceTree = "<group>"; };
		3B4F2B3D212ACBF85D245FEA /* Pods-ApplaudoUITests.release.xcconfig */ = {isa = PBXFileReference; includeInIndex = 1; lastKnownFileType = text.xcconfig; name = "Pods-ApplaudoUITests.release.xcconfig"; path = "Pods/Target Support Files/Pods-ApplaudoUITests/Pods-ApplaudoUITests.release.xcconfig"; sourceTree = "<group>"; };
		6A4DF1471F562A7300D814C2 /* Applaudo.app */ = {isa = PBXFileReference; explicitFileType = wrapper.application; includeInIndex = 0; path = Applaudo.app; sourceTree = BUILT_PRODUCTS_DIR; };
		6A4DF14A1F562A7300D814C2 /* AppDelegate.swift */ = {isa = PBXFileReference; lastKnownFileType = sourcecode.swift; path = AppDelegate.swift; sourceTree = "<group>"; };
		6A4DF14C1F562A7300D814C2 /* ViewController.swift */ = {isa = PBXFileReference; lastKnownFileType = sourcecode.swift; path = ViewController.swift; sourceTree = "<group>"; };
		6A4DF14F1F562A7300D814C2 /* Base */ = {isa = PBXFileReference; lastKnownFileType = file.storyboard; name = Base; path = Base.lproj/Main.storyboard; sourceTree = "<group>"; };
		6A4DF1511F562A7300D814C2 /* Assets.xcassets */ = {isa = PBXFileReference; lastKnownFileType = folder.assetcatalog; path = Assets.xcassets; sourceTree = "<group>"; };
		6A4DF1541F562A7300D814C2 /* Base */ = {isa = PBXFileReference; lastKnownFileType = file.storyboard; name = Base; path = Base.lproj/LaunchScreen.storyboard; sourceTree = "<group>"; };
		6A4DF1561F562A7300D814C2 /* Info.plist */ = {isa = PBXFileReference; lastKnownFileType = text.plist.xml; path = Info.plist; sourceTree = "<group>"; };
		6A4DF15B1F562A7300D814C2 /* ApplaudoTests.xctest */ = {isa = PBXFileReference; explicitFileType = wrapper.cfbundle; includeInIndex = 0; path = ApplaudoTests.xctest; sourceTree = BUILT_PRODUCTS_DIR; };
		6A4DF15F1F562A7300D814C2 /* ApplaudoTests.swift */ = {isa = PBXFileReference; lastKnownFileType = sourcecode.swift; path = ApplaudoTests.swift; sourceTree = "<group>"; };
		6A4DF1611F562A7300D814C2 /* Info.plist */ = {isa = PBXFileReference; lastKnownFileType = text.plist.xml; path = Info.plist; sourceTree = "<group>"; };
		6A4DF1661F562A7300D814C2 /* ApplaudoUITests.xctest */ = {isa = PBXFileReference; explicitFileType = wrapper.cfbundle; includeInIndex = 0; path = ApplaudoUITests.xctest; sourceTree = BUILT_PRODUCTS_DIR; };
		6A4DF16A1F562A7300D814C2 /* ApplaudoUITests.swift */ = {isa = PBXFileReference; lastKnownFileType = sourcecode.swift; path = ApplaudoUITests.swift; sourceTree = "<group>"; };
		6A4DF16C1F562A7300D814C2 /* Info.plist */ = {isa = PBXFileReference; lastKnownFileType = text.plist.xml; path = Info.plist; sourceTree = "<group>"; };
		6A4DF1781F5648A300D814C2 /* Utilities.swift */ = {isa = PBXFileReference; fileEncoding = 4; lastKnownFileType = sourcecode.swift; path = Utilities.swift; sourceTree = "<group>"; };
		6A4DF17A1F57282400D814C2 /* SearchViewController.swift */ = {isa = PBXFileReference; fileEncoding = 4; lastKnownFileType = sourcecode.swift; path = SearchViewController.swift; sourceTree = "<group>"; };
		6A4DF17C1F57423C00D814C2 /* DetailViewController.swift */ = {isa = PBXFileReference; fileEncoding = 4; lastKnownFileType = sourcecode.swift; path = DetailViewController.swift; sourceTree = "<group>"; };
		75BB416C3385EC89EB177916 /* Pods_Applaudo.framework */ = {isa = PBXFileReference; explicitFileType = wrapper.framework; includeInIndex = 0; path = Pods_Applaudo.framework; sourceTree = BUILT_PRODUCTS_DIR; };
		7C2A932126CBD18AD7E571EB /* Pods-Applaudo.release.xcconfig */ = {isa = PBXFileReference; includeInIndex = 1; lastKnownFileType = text.xcconfig; name = "Pods-Applaudo.release.xcconfig"; path = "Pods/Target Support Files/Pods-Applaudo/Pods-Applaudo.release.xcconfig"; sourceTree = "<group>"; };
		9808CFA2E1B64BC41B4E9C31 /* Pods-ApplaudoUITests.debug.xcconfig */ = {isa = PBXFileReference; includeInIndex = 1; lastKnownFileType = text.xcconfig; name = "Pods-ApplaudoUITests.debug.xcconfig"; path = "Pods/Target Support Files/Pods-ApplaudoUITests/Pods-ApplaudoUITests.debug.xcconfig"; sourceTree = "<group>"; };
		AD66BCD18CDEB67CFA3B475B /* Pods_ApplaudoTests.framework */ = {isa = PBXFileReference; explicitFileType = wrapper.framework; includeInIndex = 0; path = Pods_ApplaudoTests.framework; sourceTree = BUILT_PRODUCTS_DIR; };
		BFC3018D0DB002D2898263B4 /* Pods-ApplaudoTests.debug.xcconfig */ = {isa = PBXFileReference; includeInIndex = 1; lastKnownFileType = text.xcconfig; name = "Pods-ApplaudoTests.debug.xcconfig"; path = "Pods/Target Support Files/Pods-ApplaudoTests/Pods-ApplaudoTests.debug.xcconfig"; sourceTree = "<group>"; };
		E23FB52380104AA8F7D34D3F /* Pods_ApplaudoUITests.framework */ = {isa = PBXFileReference; explicitFileType = wrapper.framework; includeInIndex = 0; path = Pods_ApplaudoUITests.framework; sourceTree = BUILT_PRODUCTS_DIR; };
/* End PBXFileReference section */

/* Begin PBXFrameworksBuildPhase section */
		6A4DF1441F562A7300D814C2 /* Frameworks */ = {
			isa = PBXFrameworksBuildPhase;
			buildActionMask = 2147483647;
			files = (
				7EF47C8860EE1B55D52CDF04 /* Pods_Applaudo.framework in Frameworks */,
			);
			runOnlyForDeploymentPostprocessing = 0;
		};
		6A4DF1581F562A7300D814C2 /* Frameworks */ = {
			isa = PBXFrameworksBuildPhase;
			buildActionMask = 2147483647;
			files = (
				EC5A0B62F6105401A92C5764 /* Pods_ApplaudoTests.framework in Frameworks */,
			);
			runOnlyForDeploymentPostprocessing = 0;
		};
		6A4DF1631F562A7300D814C2 /* Frameworks */ = {
			isa = PBXFrameworksBuildPhase;
			buildActionMask = 2147483647;
			files = (
				36904A48920A2A5514F79F1E /* Pods_ApplaudoUITests.framework in Frameworks */,
			);
			runOnlyForDeploymentPostprocessing = 0;
		};
/* End PBXFrameworksBuildPhase section */

/* Begin PBXGroup section */
		1AC6DA7C205906C4D5B357CC /* Frameworks */ = {
			isa = PBXGroup;
			children = (
				75BB416C3385EC89EB177916 /* Pods_Applaudo.framework */,
				AD66BCD18CDEB67CFA3B475B /* Pods_ApplaudoTests.framework */,
				E23FB52380104AA8F7D34D3F /* Pods_ApplaudoUITests.framework */,
			);
			name = Frameworks;
			sourceTree = "<group>";
		};
		6A4DF13E1F562A7200D814C2 = {
			isa = PBXGroup;
			children = (
				6A4DF1491F562A7300D814C2 /* Applaudo */,
				6A4DF15E1F562A7300D814C2 /* ApplaudoTests */,
				6A4DF1691F562A7300D814C2 /* ApplaudoUITests */,
				6A4DF1481F562A7300D814C2 /* Products */,
				DB85937D69E3999C11DF8438 /* Pods */,
				1AC6DA7C205906C4D5B357CC /* Frameworks */,
			);
			sourceTree = "<group>";
		};
		6A4DF1481F562A7300D814C2 /* Products */ = {
			isa = PBXGroup;
			children = (
				6A4DF1471F562A7300D814C2 /* Applaudo.app */,
				6A4DF15B1F562A7300D814C2 /* ApplaudoTests.xctest */,
				6A4DF1661F562A7300D814C2 /* ApplaudoUITests.xctest */,
			);
			name = Products;
			sourceTree = "<group>";
		};
		6A4DF1491F562A7300D814C2 /* Applaudo */ = {
			isa = PBXGroup;
			children = (
				6A4DF14A1F562A7300D814C2 /* AppDelegate.swift */,
				6A4DF14C1F562A7300D814C2 /* ViewController.swift */,
				6A4DF17A1F57282400D814C2 /* SearchViewController.swift */,
				6A4DF17C1F57423C00D814C2 /* DetailViewController.swift */,
				6A4DF14E1F562A7300D814C2 /* Main.storyboard */,
				6A4DF1511F562A7300D814C2 /* Assets.xcassets */,
				6A4DF1531F562A7300D814C2 /* LaunchScreen.storyboard */,
				6A4DF1561F562A7300D814C2 /* Info.plist */,
				6A4DF1781F5648A300D814C2 /* Utilities.swift */,
			);
			path = Applaudo;
			sourceTree = "<group>";
		};
		6A4DF15E1F562A7300D814C2 /* ApplaudoTests */ = {
			isa = PBXGroup;
			children = (
				6A4DF15F1F562A7300D814C2 /* ApplaudoTests.swift */,
				6A4DF1611F562A7300D814C2 /* Info.plist */,
			);
			path = ApplaudoTests;
			sourceTree = "<group>";
		};
		6A4DF1691F562A7300D814C2 /* ApplaudoUITests */ = {
			isa = PBXGroup;
			children = (
				6A4DF16A1F562A7300D814C2 /* ApplaudoUITests.swift */,
				6A4DF16C1F562A7300D814C2 /* Info.plist */,
			);
			path = ApplaudoUITests;
			sourceTree = "<group>";
		};
		DB85937D69E3999C11DF8438 /* Pods */ = {
			isa = PBXGroup;
			children = (
				1EB7F522EE79F53533EF91BE /* Pods-Applaudo.debug.xcconfig */,
				7C2A932126CBD18AD7E571EB /* Pods-Applaudo.release.xcconfig */,
				BFC3018D0DB002D2898263B4 /* Pods-ApplaudoTests.debug.xcconfig */,
				0B8B4FDD733577DF265915B7 /* Pods-ApplaudoTests.release.xcconfig */,
				9808CFA2E1B64BC41B4E9C31 /* Pods-ApplaudoUITests.debug.xcconfig */,
				3B4F2B3D212ACBF85D245FEA /* Pods-ApplaudoUITests.release.xcconfig */,
			);
			name = Pods;
			sourceTree = "<group>";
		};
/* End PBXGroup section */

/* Begin PBXNativeTarget section */
		6A4DF1461F562A7300D814C2 /* Applaudo */ = {
			isa = PBXNativeTarget;
			buildConfigurationList = 6A4DF16F1F562A7300D814C2 /* Build configuration list for PBXNativeTarget "Applaudo" */;
			buildPhases = (
				E255810CC03DB99249F2D28A /* [CP] Check Pods Manifest.lock */,
				6A4DF1431F562A7300D814C2 /* Sources */,
				6A4DF1441F562A7300D814C2 /* Frameworks */,
				6A4DF1451F562A7300D814C2 /* Resources */,
				69C13804EA1DFFEC116BF69B /* [CP] Embed Pods Frameworks */,
				E1F78E97D64405F3C3DD7D5E /* [CP] Copy Pods Resources */,
			);
			buildRules = (
			);
			dependencies = (
			);
			name = Applaudo;
			productName = Applaudo;
			productReference = 6A4DF1471F562A7300D814C2 /* Applaudo.app */;
			productType = "com.apple.product-type.application";
		};
		6A4DF15A1F562A7300D814C2 /* ApplaudoTests */ = {
			isa = PBXNativeTarget;
			buildConfigurationList = 6A4DF1721F562A7300D814C2 /* Build configuration list for PBXNativeTarget "ApplaudoTests" */;
			buildPhases = (
				BA42351F8D96F301048E3BAC /* [CP] Check Pods Manifest.lock */,
				6A4DF1571F562A7300D814C2 /* Sources */,
				6A4DF1581F562A7300D814C2 /* Frameworks */,
				6A4DF1591F562A7300D814C2 /* Resources */,
				1539542F39130FBB7F75B1D6 /* [CP] Embed Pods Frameworks */,
				1C1A5A3F9D0C332C1C83E8B5 /* [CP] Copy Pods Resources */,
			);
			buildRules = (
			);
			dependencies = (
				6A4DF15D1F562A7300D814C2 /* PBXTargetDependency */,
			);
			name = ApplaudoTests;
			productName = ApplaudoTests;
			productReference = 6A4DF15B1F562A7300D814C2 /* ApplaudoTests.xctest */;
			productType = "com.apple.product-type.bundle.unit-test";
		};
		6A4DF1651F562A7300D814C2 /* ApplaudoUITests */ = {
			isa = PBXNativeTarget;
			buildConfigurationList = 6A4DF1751F562A7300D814C2 /* Build configuration list for PBXNativeTarget "ApplaudoUITests" */;
			buildPhases = (
				C1568336FC38C16D43090F00 /* [CP] Check Pods Manifest.lock */,
				6A4DF1621F562A7300D814C2 /* Sources */,
				6A4DF1631F562A7300D814C2 /* Frameworks */,
				6A4DF1641F562A7300D814C2 /* Resources */,
				EEEF7BD64BE5479943410645 /* [CP] Embed Pods Frameworks */,
				EE3F779C0783146F588092DE /* [CP] Copy Pods Resources */,
			);
			buildRules = (
			);
			dependencies = (
				6A4DF1681F562A7300D814C2 /* PBXTargetDependency */,
			);
			name = ApplaudoUITests;
			productName = ApplaudoUITests;
			productReference = 6A4DF1661F562A7300D814C2 /* ApplaudoUITests.xctest */;
			productType = "com.apple.product-type.bundle.ui-testing";
		};
/* End PBXNativeTarget section */

/* Begin PBXProject section */
		6A4DF13F1F562A7200D814C2 /* Project object */ = {
			isa = PBXProject;
			attributes = {
				LastSwiftUpdateCheck = 0830;
				LastUpgradeCheck = 0830;
				ORGANIZATIONNAME = Aldo;
				TargetAttributes = {
					6A4DF1461F562A7300D814C2 = {
						CreatedOnToolsVersion = 8.3.3;
						DevelopmentTeam = SCL98AP6MS;
						ProvisioningStyle = Automatic;
					};
					6A4DF15A1F562A7300D814C2 = {
						CreatedOnToolsVersion = 8.3.3;
						ProvisioningStyle = Automatic;
						TestTargetID = 6A4DF1461F562A7300D814C2;
					};
					6A4DF1651F562A7300D814C2 = {
						CreatedOnToolsVersion = 8.3.3;
						ProvisioningStyle = Automatic;
						TestTargetID = 6A4DF1461F562A7300D814C2;
					};
				};
			};
			buildConfigurationList = 6A4DF1421F562A7200D814C2 /* Build configuration list for PBXProject "Applaudo" */;
			compatibilityVersion = "Xcode 3.2";
			developmentRegion = English;
			hasScannedForEncodings = 0;
			knownRegions = (
				en,
				Base,
			);
			mainGroup = 6A4DF13E1F562A7200D814C2;
			productRefGroup = 6A4DF1481F562A7300D814C2 /* Products */;
			projectDirPath = "";
			projectRoot = "";
			targets = (
				6A4DF1461F562A7300D814C2 /* Applaudo */,
				6A4DF15A1F562A7300D814C2 /* ApplaudoTests */,
				6A4DF1651F562A7300D814C2 /* ApplaudoUITests */,
			);
		};
/* End PBXProject section */

/* Begin PBXResourcesBuildPhase section */
		6A4DF1451F562A7300D814C2 /* Resources */ = {
			isa = PBXResourcesBuildPhase;
			buildActionMask = 2147483647;
			files = (
				6A4DF1551F562A7300D814C2 /* LaunchScreen.storyboard in Resources */,
				6A4DF1521F562A7300D814C2 /* Assets.xcassets in Resources */,
				6A4DF1501F562A7300D814C2 /* Main.storyboard in Resources */,
			);
			runOnlyForDeploymentPostprocessing = 0;
		};
		6A4DF1591F562A7300D814C2 /* Resources */ = {
			isa = PBXResourcesBuildPhase;
			buildActionMask = 2147483647;
			files = (
			);
			runOnlyForDeploymentPostprocessing = 0;
		};
		6A4DF1641F562A7300D814C2 /* Resources */ = {
			isa = PBXResourcesBuildPhase;
			buildActionMask = 2147483647;
			files = (
			);
			runOnlyForDeploymentPostprocessing = 0;
		};
/* End PBXResourcesBuildPhase section */

/* Begin PBXShellScriptBuildPhase section */
		1539542F39130FBB7F75B1D6 /* [CP] Embed Pods Frameworks */ = {
			isa = PBXShellScriptBuildPhase;
			buildActionMask = 2147483647;
			files = (
			);
			inputPaths = (
			);
			name = "[CP] Embed Pods Frameworks";
			outputPaths = (
			);
			runOnlyForDeploymentPostprocessing = 0;
			shellPath = /bin/sh;
			shellScript = "\"${SRCROOT}/Pods/Target Support Files/Pods-ApplaudoTests/Pods-ApplaudoTests-frameworks.sh\"\n";
			showEnvVarsInLog = 0;
		};
		1C1A5A3F9D0C332C1C83E8B5 /* [CP] Copy Pods Resources */ = {
			isa = PBXShellScriptBuildPhase;
			buildActionMask = 2147483647;
			files = (
			);
			inputPaths = (
			);
			name = "[CP] Copy Pods Resources";
			outputPaths = (
			);
			runOnlyForDeploymentPostprocessing = 0;
			shellPath = /bin/sh;
			shellScript = "\"${SRCROOT}/Pods/Target Support Files/Pods-ApplaudoTests/Pods-ApplaudoTests-resources.sh\"\n";
			showEnvVarsInLog = 0;
		};
		69C13804EA1DFFEC116BF69B /* [CP] Embed Pods Frameworks */ = {
			isa = PBXShellScriptBuildPhase;
			buildActionMask = 2147483647;
			files = (
			);
			inputPaths = (
			);
			name = "[CP] Embed Pods Frameworks";
			outputPaths = (
			);
			runOnlyForDeploymentPostprocessing = 0;
			shellPath = /bin/sh;
			shellScript = "\"${SRCROOT}/Pods/Target Support Files/Pods-Applaudo/Pods-Applaudo-frameworks.sh\"\n";
			showEnvVarsInLog = 0;
		};
		BA42351F8D96F301048E3BAC /* [CP] Check Pods Manifest.lock */ = {
			isa = PBXShellScriptBuildPhase;
			buildActionMask = 2147483647;
			files = (
			);
			inputPaths = (
			);
			name = "[CP] Check Pods Manifest.lock";
			outputPaths = (
			);
			runOnlyForDeploymentPostprocessing = 0;
			shellPath = /bin/sh;
			shellScript = "diff \"${PODS_PODFILE_DIR_PATH}/Podfile.lock\" \"${PODS_ROOT}/Manifest.lock\" > /dev/null\nif [ $? != 0 ] ; then\n    # print error to STDERR\n    echo \"error: The sandbox is not in sync with the Podfile.lock. Run 'pod install' or update your CocoaPods installation.\" >&2\n    exit 1\nfi\n";
			showEnvVarsInLog = 0;
		};
		C1568336FC38C16D43090F00 /* [CP] Check Pods Manifest.lock */ = {
			isa = PBXShellScriptBuildPhase;
			buildActionMask = 2147483647;
			files = (
			);
			inputPaths = (
			);
			name = "[CP] Check Pods Manifest.lock";
			outputPaths = (
			);
			runOnlyForDeploymentPostprocessing = 0;
			shellPath = /bin/sh;
			shellScript = "diff \"${PODS_PODFILE_DIR_PATH}/Podfile.lock\" \"${PODS_ROOT}/Manifest.lock\" > /dev/null\nif [ $? != 0 ] ; then\n    # print error to STDERR\n    echo \"error: The sandbox is not in sync with the Podfile.lock. Run 'pod install' or update your CocoaPods installation.\" >&2\n    exit 1\nfi\n";
			showEnvVarsInLog = 0;
		};
		E1F78E97D64405F3C3DD7D5E /* [CP] Copy Pods Resources */ = {
			isa = PBXShellScriptBuildPhase;
			buildActionMask = 2147483647;
			files = (
			);
			inputPaths = (
			);
			name = "[CP] Copy Pods Resources";
			outputPaths = (
			);
			runOnlyForDeploymentPostprocessing = 0;
			shellPath = /bin/sh;
			shellScript = "\"${SRCROOT}/Pods/Target Support Files/Pods-Applaudo/Pods-Applaudo-resources.sh\"\n";
			showEnvVarsInLog = 0;
		};
		E255810CC03DB99249F2D28A /* [CP] Check Pods Manifest.lock */ = {
			isa = PBXShellScriptBuildPhase;
			buildActionMask = 2147483647;
			files = (
			);
			inputPaths = (
			);
			name = "[CP] Check Pods Manifest.lock";
			outputPaths = (
			);
			runOnlyForDeploymentPostprocessing = 0;
			shellPath = /bin/sh;
			shellScript = "diff \"${PODS_PODFILE_DIR_PATH}/Podfile.lock\" \"${PODS_ROOT}/Manifest.lock\" > /dev/null\nif [ $? != 0 ] ; then\n    # print error to STDERR\n    echo \"error: The sandbox is not in sync with the Podfile.lock. Run 'pod install' or update your CocoaPods installation.\" >&2\n    exit 1\nfi\n";
			showEnvVarsInLog = 0;
		};
		EE3F779C0783146F588092DE /* [CP] Copy Pods Resources */ = {
			isa = PBXShellScriptBuildPhase;
			buildActionMask = 2147483647;
			files = (
			);
			inputPaths = (
			);
			name = "[CP] Copy Pods Resources";
			outputPaths = (
			);
			runOnlyForDeploymentPostprocessing = 0;
			shellPath = /bin/sh;
			shellScript = "\"${SRCROOT}/Pods/Target Support Files/Pods-ApplaudoUITests/Pods-ApplaudoUITests-resources.sh\"\n";
			showEnvVarsInLog = 0;
		};
		EEEF7BD64BE5479943410645 /* [CP] Embed Pods Frameworks */ = {
			isa = PBXShellScriptBuildPhase;
			buildActionMask = 2147483647;
			files = (
			);
			inputPaths = (
			);
			name = "[CP] Embed Pods Frameworks";
			outputPaths = (
			);
			runOnlyForDeploymentPostprocessing = 0;
			shellPath = /bin/sh;
			shellScript = "\"${SRCROOT}/Pods/Target Support Files/Pods-ApplaudoUITests/Pods-ApplaudoUITests-frameworks.sh\"\n";
			showEnvVarsInLog = 0;
		};
/* End PBXShellScriptBuildPhase section */

/* Begin PBXSourcesBuildPhase section */
		6A4DF1431F562A7300D814C2 /* Sources */ = {
			isa = PBXSourcesBuildPhase;
			buildActionMask = 2147483647;
			files = (
				6A4DF1791F5648A300D814C2 /* Utilities.swift in Sources */,
				6A4DF14D1F562A7300D814C2 /* ViewController.swift in Sources */,
				6A4DF17D1F57423C00D814C2 /* DetailViewController.swift in Sources */,
				6A4DF17B1F57282400D814C2 /* SearchViewController.swift in Sources */,
				6A4DF14B1F562A7300D814C2 /* AppDelegate.swift in Sources */,
			);
			runOnlyForDeploymentPostprocessing = 0;
		};
		6A4DF1571F562A7300D814C2 /* Sources */ = {
			isa = PBXSourcesBuildPhase;
			buildActionMask = 2147483647;
			files = (
				6A4DF1601F562A7300D814C2 /* ApplaudoTests.swift in Sources */,
			);
			runOnlyForDeploymentPostprocessing = 0;
		};
		6A4DF1621F562A7300D814C2 /* Sources */ = {
			isa = PBXSourcesBuildPhase;
			buildActionMask = 2147483647;
			files = (
				6A4DF16B1F562A7300D814C2 /* ApplaudoUITests.swift in Sources */,
			);
			runOnlyForDeploymentPostprocessing = 0;
		};
/* End PBXSourcesBuildPhase section */

/* Begin PBXTargetDependency section */
		6A4DF15D1F562A7300D814C2 /* PBXTargetDependency */ = {
			isa = PBXTargetDependency;
			target = 6A4DF1461F562A7300D814C2 /* Applaudo */;
			targetProxy = 6A4DF15C1F562A7300D814C2 /* PBXContainerItemProxy */;
		};
		6A4DF1681F562A7300D814C2 /* PBXTargetDependency */ = {
			isa = PBXTargetDependency;
			target = 6A4DF1461F562A7300D814C2 /* Applaudo */;
			targetProxy = 6A4DF1671F562A7300D814C2 /* PBXContainerItemProxy */;
		};
/* End PBXTargetDependency section */

/* Begin PBXVariantGroup section */
		6A4DF14E1F562A7300D814C2 /* Main.storyboard */ = {
			isa = PBXVariantGroup;
			children = (
				6A4DF14F1F562A7300D814C2 /* Base */,
			);
			name = Main.storyboard;
			sourceTree = "<group>";
		};
		6A4DF1531F562A7300D814C2 /* LaunchScreen.storyboard */ = {
			isa = PBXVariantGroup;
			children = (
				6A4DF1541F562A7300D814C2 /* Base */,
			);
			name = LaunchScreen.storyboard;
			sourceTree = "<group>";
		};
/* End PBXVariantGroup section */

/* Begin XCBuildConfiguration section */
		6A4DF16D1F562A7300D814C2 /* Debug */ = {
			isa = XCBuildConfiguration;
			buildSettings = {
				ALWAYS_SEARCH_USER_PATHS = NO;
				CLANG_ANALYZER_NONNULL = YES;
				CLANG_ANALYZER_NUMBER_OBJECT_CONVERSION = YES_AGGRESSIVE;
				CLANG_CXX_LANGUAGE_STANDARD = "gnu++0x";
				CLANG_CXX_LIBRARY = "libc++";
				CLANG_ENABLE_MODULES = YES;
				CLANG_ENABLE_OBJC_ARC = YES;
				CLANG_WARN_BOOL_CONVERSION = YES;
				CLANG_WARN_CONSTANT_CONVERSION = YES;
				CLANG_WARN_DIRECT_OBJC_ISA_USAGE = YES_ERROR;
				CLANG_WARN_DOCUMENTATION_COMMENTS = YES;
				CLANG_WARN_EMPTY_BODY = YES;
				CLANG_WARN_ENUM_CONVERSION = YES;
				CLANG_WARN_INFINITE_RECURSION = YES;
				CLANG_WARN_INT_CONVERSION = YES;
				CLANG_WARN_OBJC_ROOT_CLASS = YES_ERROR;
				CLANG_WARN_SUSPICIOUS_MOVE = YES;
				CLANG_WARN_UNREACHABLE_CODE = YES;
				CLANG_WARN__DUPLICATE_METHOD_MATCH = YES;
				"CODE_SIGN_IDENTITY[sdk=iphoneos*]" = "iPhone Developer";
				COPY_PHASE_STRIP = NO;
				DEBUG_INFORMATION_FORMAT = dwarf;
				ENABLE_STRICT_OBJC_MSGSEND = YES;
				ENABLE_TESTABILITY = YES;
				GCC_C_LANGUAGE_STANDARD = gnu99;
				GCC_DYNAMIC_NO_PIC = NO;
				GCC_NO_COMMON_BLOCKS = YES;
				GCC_OPTIMIZATION_LEVEL = 0;
				GCC_PREPROCESSOR_DEFINITIONS = (
					"DEBUG=1",
					"$(inherited)",
				);
				GCC_WARN_64_TO_32_BIT_CONVERSION = YES;
				GCC_WARN_ABOUT_RETURN_TYPE = YES_ERROR;
				GCC_WARN_UNDECLARED_SELECTOR = YES;
				GCC_WARN_UNINITIALIZED_AUTOS = YES_AGGRESSIVE;
				GCC_WARN_UNUSED_FUNCTION = YES;
				GCC_WARN_UNUSED_VARIABLE = YES;
				IPHONEOS_DEPLOYMENT_TARGET = 10.3;
				MTL_ENABLE_DEBUG_INFO = YES;
				ONLY_ACTIVE_ARCH = YES;
				SDKROOT = iphoneos;
				SWIFT_ACTIVE_COMPILATION_CONDITIONS = DEBUG;
				SWIFT_OPTIMIZATION_LEVEL = "-Onone";
				TARGETED_DEVICE_FAMILY = "1,2";
			};
			name = Debug;
		};
		6A4DF16E1F562A7300D814C2 /* Release */ = {
			isa = XCBuildConfiguration;
			buildSettings = {
				ALWAYS_SEARCH_USER_PATHS = NO;
				CLANG_ANALYZER_NONNULL = YES;
				CLANG_ANALYZER_NUMBER_OBJECT_CONVERSION = YES_AGGRESSIVE;
				CLANG_CXX_LANGUAGE_STANDARD = "gnu++0x";
				CLANG_CXX_LIBRARY = "libc++";
				CLANG_ENABLE_MODULES = YES;
				CLANG_ENABLE_OBJC_ARC = YES;
				CLANG_WARN_BOOL_CONVERSION = YES;
				CLANG_WARN_CONSTANT_CONVERSION = YES;
				CLANG_WARN_DIRECT_OBJC_ISA_USAGE = YES_ERROR;
				CLANG_WARN_DOCUMENTATION_COMMENTS = YES;
				CLANG_WARN_EMPTY_BODY = YES;
				CLANG_WARN_ENUM_CONVERSION = YES;
				CLANG_WARN_INFINITE_RECURSION = YES;
				CLANG_WARN_INT_CONVERSION = YES;
				CLANG_WARN_OBJC_ROOT_CLASS = YES_ERROR;
				CLANG_WARN_SUSPICIOUS_MOVE = YES;
				CLANG_WARN_UNREACHABLE_CODE = YES;
				CLANG_WARN__DUPLICATE_METHOD_MATCH = YES;
				"CODE_SIGN_IDENTITY[sdk=iphoneos*]" = "iPhone Developer";
				COPY_PHASE_STRIP = NO;
				DEBUG_INFORMATION_FORMAT = "dwarf-with-dsym";
				ENABLE_NS_ASSERTIONS = NO;
				ENABLE_STRICT_OBJC_MSGSEND = YES;
				GCC_C_LANGUAGE_STANDARD = gnu99;
				GCC_NO_COMMON_BLOCKS = YES;
				GCC_WARN_64_TO_32_BIT_CONVERSION = YES;
				GCC_WARN_ABOUT_RETURN_TYPE = YES_ERROR;
				GCC_WARN_UNDECLARED_SELECTOR = YES;
				GCC_WARN_UNINITIALIZED_AUTOS = YES_AGGRESSIVE;
				GCC_WARN_UNUSED_FUNCTION = YES;
				GCC_WARN_UNUSED_VARIABLE = YES;
				IPHONEOS_DEPLOYMENT_TARGET = 10.3;
				MTL_ENABLE_DEBUG_INFO = NO;
				SDKROOT = iphoneos;
				SWIFT_OPTIMIZATION_LEVEL = "-Owholemodule";
				TARGETED_DEVICE_FAMILY = "1,2";
				VALIDATE_PRODUCT = YES;
			};
			name = Release;
		};
		6A4DF1701F562A7300D814C2 /* Debug */ = {
			isa = XCBuildConfiguration;
			baseConfigurationReference = 1EB7F522EE79F53533EF91BE /* Pods-Applaudo.debug.xcconfig */;
			buildSettings = {
				ASSETCATALOG_COMPILER_APPICON_NAME = AppIcon;
				DEVELOPMENT_TEAM = SCL98AP6MS;
				INFOPLIST_FILE = Applaudo/Info.plist;
				IPHONEOS_DEPLOYMENT_TARGET = 9.3;
				LD_RUNPATH_SEARCH_PATHS = "$(inherited) @executable_path/Frameworks";
				PRODUCT_BUNDLE_IDENTIFIER = com.example.aldo.Applaudo;
				PRODUCT_NAME = "$(TARGET_NAME)";
				SWIFT_VERSION = 3.0;
			};
			name = Debug;
		};
		6A4DF1711F562A7300D814C2 /* Release */ = {
			isa = XCBuildConfiguration;
			baseConfigurationReference = 7C2A932126CBD18AD7E571EB /* Pods-Applaudo.release.xcconfig */;
			buildSettings = {
				ASSETCATALOG_COMPILER_APPICON_NAME = AppIcon;
				DEVELOPMENT_TEAM = SCL98AP6MS;
				INFOPLIST_FILE = Applaudo/Info.plist;
				IPHONEOS_DEPLOYMENT_TARGET = 9.3;
				LD_RUNPATH_SEARCH_PATHS = "$(inherited) @executable_path/Frameworks";
				PRODUCT_BUNDLE_IDENTIFIER = com.example.aldo.Applaudo;
				PRODUCT_NAME = "$(TARGET_NAME)";
				SWIFT_VERSION = 3.0;
			};
			name = Release;
		};
		6A4DF1731F562A7300D814C2 /* Debug */ = {
			isa = XCBuildConfiguration;
			baseConfigurationReference = BFC3018D0DB002D2898263B4 /* Pods-ApplaudoTests.debug.xcconfig */;
			buildSettings = {
				ALWAYS_EMBED_SWIFT_STANDARD_LIBRARIES = YES;
				BUNDLE_LOADER = "$(TEST_HOST)";
				INFOPLIST_FILE = ApplaudoTests/Info.plist;
				LD_RUNPATH_SEARCH_PATHS = "$(inherited) @executable_path/Frameworks @loader_path/Frameworks";
				PRODUCT_BUNDLE_IDENTIFIER = com.example.aldo.ApplaudoTests;
				PRODUCT_NAME = "$(TARGET_NAME)";
				SWIFT_VERSION = 3.0;
				TEST_HOST = "$(BUILT_PRODUCTS_DIR)/Applaudo.app/Applaudo";
			};
			name = Debug;
		};
		6A4DF1741F562A7300D814C2 /* Release */ = {
			isa = XCBuildConfiguration;
			baseConfigurationReference = 0B8B4FDD733577DF265915B7 /* Pods-ApplaudoTests.release.xcconfig */;
			buildSettings = {
				ALWAYS_EMBED_SWIFT_STANDARD_LIBRARIES = YES;
				BUNDLE_LOADER = "$(TEST_HOST)";
				INFOPLIST_FILE = ApplaudoTests/Info.plist;
				LD_RUNPATH_SEARCH_PATHS = "$(inherited) @executable_path/Frameworks @loader_path/Frameworks";
				PRODUCT_BUNDLE_IDENTIFIER = com.example.aldo.ApplaudoTests;
				PRODUCT_NAME = "$(TARGET_NAME)";
				SWIFT_VERSION = 3.0;
				TEST_HOST = "$(BUILT_PRODUCTS_DIR)/Applaudo.app/Applaudo";
			};
			name = Release;
		};
		6A4DF1761F562A7300D814C2 /* Debug */ = {
			isa = XCBuildConfiguration;
			baseConfigurationReference = 9808CFA2E1B64BC41B4E9C31 /* Pods-ApplaudoUITests.debug.xcconfig */;
			buildSettings = {
				ALWAYS_EMBED_SWIFT_STANDARD_LIBRARIES = YES;
				INFOPLIST_FILE = ApplaudoUITests/Info.plist;
				LD_RUNPATH_SEARCH_PATHS = "$(inherited) @executable_path/Frameworks @loader_path/Frameworks";
				PRODUCT_BUNDLE_IDENTIFIER = com.example.aldo.ApplaudoUITests;
				PRODUCT_NAME = "$(TARGET_NAME)";
				SWIFT_VERSION = 3.0;
				TEST_TARGET_NAME = Applaudo;
			};
			name = Debug;
		};
		6A4DF1771F562A7300D814C2 /* Release */ = {
			isa = XCBuildConfiguration;
			baseConfigurationReference = 3B4F2B3D212ACBF85D245FEA /* Pods-ApplaudoUITests.release.xcconfig */;
			buildSettings = {
				ALWAYS_EMBED_SWIFT_STANDARD_LIBRARIES = YES;
				INFOPLIST_FILE = ApplaudoUITests/Info.plist;
				LD_RUNPATH_SEARCH_PATHS = "$(inherited) @executable_path/Frameworks @loader_path/Frameworks";
				PRODUCT_BUNDLE_IDENTIFIER = com.example.aldo.ApplaudoUITests;
				PRODUCT_NAME = "$(TARGET_NAME)";
				SWIFT_VERSION = 3.0;
				TEST_TARGET_NAME = Applaudo;
			};
			name = Release;
		};
/* End XCBuildConfiguration section */

/* Begin XCConfigurationList section */
		6A4DF1421F562A7200D814C2 /* Build configuration list for PBXProject "Applaudo" */ = {
			isa = XCConfigurationList;
			buildConfigurations = (
				6A4DF16D1F562A7300D814C2 /* Debug */,
				6A4DF16E1F562A7300D814C2 /* Release */,
			);
			defaultConfigurationIsVisible = 0;
			defaultConfigurationName = Release;
		};
		6A4DF16F1F562A7300D814C2 /* Build configuration list for PBXNativeTarget "Applaudo" */ = {
			isa = XCConfigurationList;
			buildConfigurations = (
				6A4DF1701F562A7300D814C2 /* Debug */,
				6A4DF1711F562A7300D814C2 /* Release */,
			);
			defaultConfigurationIsVisible = 0;
			defaultConfigurationName = Release;
		};
		6A4DF1721F562A7300D814C2 /* Build configuration list for PBXNativeTarget "ApplaudoTests" */ = {
			isa = XCConfigurationList;
			buildConfigurations = (
				6A4DF1731F562A7300D814C2 /* Debug */,
				6A4DF1741F562A7300D814C2 /* Release */,
			);
			defaultConfigurationIsVisible = 0;
			defaultConfigurationName = Release;
		};
		6A4DF1751F562A7300D814C2 /* Build configuration list for PBXNativeTarget "ApplaudoUITests" */ = {
			isa = XCConfigurationList;
			buildConfigurations = (
				6A4DF1761F562A7300D814C2 /* Debug */,
				6A4DF1771F562A7300D814C2 /* Release */,
			);
			defaultConfigurationIsVisible = 0;
			defaultConfigurationName = Release;
		};
/* End XCConfigurationList section */
	};
	rootObject = 6A4DF13F1F562A7200D814C2 /* Project object */;
}
